
Microsoft Visual Studio Solution File, Format Version 12.00
# Visual Studio Version 16
VisualStudioVersion = 16.0.31005.135
MinimumVisualStudioVersion = 10.0.40219.1
Project("{FAE04EC0-301F-11D3-BF4B-00C04F79EFBC}") = "AppCalculadoraWindows.Android", "AppCalculadoraWindows\AppCalculadoraWindows.Android\AppCalculadoraWindows.Android.csproj", "{D946E248-F414-48C4-A3D3-057885001040}"
EndProject
Project("{FAE04EC0-301F-11D3-BF4B-00C04F79EFBC}") = "AppCalculadoraWindows.iOS", "AppCalculadoraWindows\AppCalculadoraWindows.iOS\AppCalculadoraWindows.iOS.csproj", "{032EC2E3-5F38-42F5-811B-3C7115A263C7}"
EndProject
Project("{FAE04EC0-301F-11D3-BF4B-00C04F79EFBC}") = "AppCalculadoraWindows", "AppCalculadoraWindows\AppCalculadoraWindows\AppCalculadoraWindows.csproj", "{D0EBF8DB-01FD-4983-BEBE-7CC4B87116DE}"
EndProject
Global
	GlobalSection(SolutionConfigurationPlatforms) = preSolution
		Debug|Any CPU = Debug|Any CPU
		Debug|iPhone = Debug|iPhone
		Debug|iPhoneSimulator = Debug|iPhoneSimulator
		Release|Any CPU = Release|Any CPU
		Release|iPhone = Release|iPhone
		Release|iPhoneSimulator = Release|iPhoneSimulator
	EndGlobalSection
	GlobalSection(ProjectConfigurationPlatforms) = postSolution
		{D946E248-F414-48C4-A3D3-057885001040}.Debug|Any CPU.ActiveCfg = Debug|Any CPU
		{D946E248-F414-48C4-A3D3-057885001040}.Debug|Any CPU.Build.0 = Debug|Any CPU
		{D946E248-F414-48C4-A3D3-057885001040}.Debug|Any CPU.Deploy.0 = Debug|Any CPU
		{D946E248-F414-48C4-A3D3-057885001040}.Debug|iPhone.ActiveCfg = Debug|Any CPU
		{D946E248-F414-48C4-A3D3-057885001040}.Debug|iPhone.Build.0 = Debug|Any CPU
		{D946E248-F414-48C4-A3D3-057885001040}.Debug|iPhone.Deploy.0 = Debug|Any CPU
		{D946E248-F414-48C4-A3D3-057885001040}.Debug|iPhoneSimulator.ActiveCfg = Debug|Any CPU
		{D946E248-F414-48C4-A3D3-057885001040}.Debug|iPhoneSimulator.Build.0 = Debug|Any CPU
		{D946E248-F414-48C4-A3D3-057885001040}.Debug|iPhoneSimulator.Deploy.0 = Debug|Any CPU
		{D946E248-F414-48C4-A3D3-057885001040}.Release|Any CPU.ActiveCfg = Release|Any CPU
		{D946E248-F414-48C4-A3D3-057885001040}.Release|Any CPU.Build.0 = Release|Any CPU
		{D946E248-F414-48C4-A3D3-057885001040}.Release|Any CPU.Deploy.0 = Release|Any CPU
		{D946E248-F414-48C4-A3D3-057885001040}.Release|iPhone.ActiveCfg = Release|Any CPU
		{D946E248-F414-48C4-A3D3-057885001040}.Release|iPhone.Build.0 = Release|Any CPU
		{D946E248-F414-48C4-A3D3-057885001040}.Release|iPhone.Deploy.0 = Release|Any CPU
		{D946E248-F414-48C4-A3D3-057885001040}.Release|iPhoneSimulator.ActiveCfg = Release|Any CPU
		{D946E248-F414-48C4-A3D3-057885001040}.Release|iPhoneSimulator.Build.0 = Release|Any CPU
		{D946E248-F414-48C4-A3D3-057885001040}.Release|iPhoneSimulator.Deploy.0 = Release|Any CPU
		{032EC2E3-5F38-42F5-811B-3C7115A263C7}.Debug|Any CPU.ActiveCfg = Debug|iPhone
		{032EC2E3-5F38-42F5-811B-3C7115A263C7}.Debug|Any CPU.Build.0 = Debug|iPhone
		{032EC2E3-5F38-42F5-811B-3C7115A263C7}.Debug|Any CPU.Deploy.0 = Debug|iPhone
		{032EC2E3-5F38-42F5-811B-3C7115A263C7}.Debug|iPhone.ActiveCfg = Debug|iPhone
		{032EC2E3-5F38-42F5-811B-3C7115A263C7}.Debug|iPhone.Build.0 = Debug|iPhone
		{032EC2E3-5F38-42F5-811B-3C7115A263C7}.Debug|iPhone.Deploy.0 = Debug|iPhone
		{032EC2E3-5F38-42F5-811B-3C7115A263C7}.Debug|iPhoneSimulator.ActiveCfg = Debug|iPhoneSimulator
		{032EC2E3-5F38-42F5-811B-3C7115A263C7}.Debug|iPhoneSimulator.Build.0 = Debug|iPhoneSimulator
		{032EC2E3-5F38-42F5-811B-3C7115A263C7}.Debug|iPhoneSimulator.Deploy.0 = Debug|iPhoneSimulator
		{032EC2E3-5F38-42F5-811B-3C7115A263C7}.Release|Any CPU.ActiveCfg = Release|iPhoneSimulator
		{032EC2E3-5F38-42F5-811B-3C7115A263C7}.Release|Any CPU.Build.0 = Release|iPhoneSimulator
		{032EC2E3-5F38-42F5-811B-3C7115A263C7}.Release|Any CPU.Deploy.0 = Release|iPhoneSimulator
		{032EC2E3-5F38-42F5-811B-3C7115A263C7}.Release|iPhone.ActiveCfg = Release|iPhone
		{032EC2E3-5F38-42F5-811B-3C7115A263C7}.Release|iPhone.Build.0 = Release|iPhone
		{032EC2E3-5F38-42F5-811B-3C7115A263C7}.Release|iPhone.Deploy.0 = Release|iPhone
		{032EC2E3-5F38-42F5-811B-3C7115A263C7}.Release|iPhoneSimulator.ActiveCfg = Release|iPhoneSimulator
		{032EC2E3-5F38-42F5-811B-3C7115A263C7}.Release|iPhoneSimulator.Build.0 = Release|iPhoneSimulator
		{032EC2E3-5F38-42F5-811B-3C7115A263C7}.Release|iPhoneSimulator.Deploy.0 = Release|iPhoneSimulator
		{D0EBF8DB-01FD-4983-BEBE-7CC4B87116DE}.Debug|Any CPU.ActiveCfg = Debug|Any CPU
		{D0EBF8DB-01FD-4983-BEBE-7CC4B87116DE}.Debug|Any CPU.Build.0 = Debug|Any CPU
		{D0EBF8DB-01FD-4983-BEBE-7CC4B87116DE}.Debug|Any CPU.Deploy.0 = Debug|Any CPU
		{D0EBF8DB-01FD-4983-BEBE-7CC4B87116DE}.Debug|iPhone.ActiveCfg = Debug|Any CPU
		{D0EBF8DB-01FD-4983-BEBE-7CC4B87116DE}.Debug|iPhone.Build.0 = Debug|Any CPU
		{D0EBF8DB-01FD-4983-BEBE-7CC4B87116DE}.Debug|iPhone.Deploy.0 = Debug|Any CPU
		{D0EBF8DB-01FD-4983-BEBE-7CC4B87116DE}.Debug|iPhoneSimulator.ActiveCfg = Debug|Any CPU
		{D0EBF8DB-01FD-4983-BEBE-7CC4B87116DE}.Debug|iPhoneSimulator.Build.0 = Debug|Any CPU
		{D0EBF8DB-01FD-4983-BEBE-7CC4B87116DE}.Debug|iPhoneSimulator.Deploy.0 = Debug|Any CPU
		{D0EBF8DB-01FD-4983-BEBE-7CC4B87116DE}.Release|Any CPU.ActiveCfg = Release|Any CPU
		{D0EBF8DB-01FD-4983-BEBE-7CC4B87116DE}.Release|Any CPU.Build.0 = Release|Any CPU
		{D0EBF8DB-01FD-4983-BEBE-7CC4B87116DE}.Release|Any CPU.Deploy.0 = Release|Any CPU
		{D0EBF8DB-01FD-4983-BEBE-7CC4B87116DE}.Release|iPhone.ActiveCfg = Release|Any CPU
		{D0EBF8DB-01FD-4983-BEBE-7CC4B87116DE}.Release|iPhone.Build.0 = Release|Any CPU
		{D0EBF8DB-01FD-4983-BEBE-7CC4B87116DE}.Release|iPhone.Deploy.0 = Release|Any CPU
		{D0EBF8DB-01FD-4983-BEBE-7CC4B87116DE}.Release|iPhoneSimulator.ActiveCfg = Release|Any CPU
		{D0EBF8DB-01FD-4983-BEBE-7CC4B87116DE}.Release|iPhoneSimulator.Build.0 = Release|Any CPU
		{D0EBF8DB-01FD-4983-BEBE-7CC4B87116DE}.Release|iPhoneSimulator.Deploy.0 = Release|Any CPU
	EndGlobalSection
	GlobalSection(SolutionProperties) = preSolution
		HideSolutionNode = FALSE
	EndGlobalSection
	GlobalSection(ExtensibilityGlobals) = postSolution
		SolutionGuid = {9C77EAFE-C753-4144-AD32-BF36564302E0}
	EndGlobalSection
EndGlobal
